
Microsoft Visual Studio Solution File, Format Version 12.00
# Visual Studio Version 16
VisualStudioVersion = 16.0.30406.217
MinimumVisualStudioVersion = 10.0.40219.1
Project("{FAE04EC0-301F-11D3-BF4B-00C04F79EFBC}") = "EshetuWebApp", "EshetuWebApp\EshetuWebApp.csproj", "{F64CB09B-BA93-4649-978F-3D312670C2F2}"
EndProject
Global
	GlobalSection(SolutionConfigurationPlatforms) = preSolution
		Debug|Any CPU = Debug|Any CPU
		Release|Any CPU = Release|Any CPU
	EndGlobalSection
	GlobalSection(ProjectConfigurationPlatforms) = postSolution
		{F64CB09B-BA93-4649-978F-3D312670C2F2}.Debug|Any CPU.ActiveCfg = Debug|Any CPU
		{F64CB09B-BA93-4649-978F-3D312670C2F2}.Debug|Any CPU.Build.0 = Debug|Any CPU
		{F64CB09B-BA93-4649-978F-3D312670C2F2}.Release|Any CPU.ActiveCfg = Release|Any CPU
		{F64CB09B-BA93-4649-978F-3D312670C2F2}.Release|Any CPU.Build.0 = Release|Any CPU
	EndGlobalSection
	GlobalSection(SolutionProperties) = preSolution
		HideSolutionNode = FALSE
	EndGlobalSection
	GlobalSection(ExtensibilityGlobals) = postSolution
		SolutionGuid = {278A857F-66B5-43E2-8FA5-4CD3E0F30575}
	EndGlobalSection
EndGlobal
